# THIS IS AN AUTOGENERATED FILE. DO NOT EDIT THIS FILE DIRECTLY.
# yarn lockfile v1


swagger-ui-dist@>=5.0.0:
  version "5.15.2"
  resolved "https://registry.yarnpkg.com/swagger-ui-dist/-/swagger-ui-dist-5.15.2.tgz#6d9a6f080acc9ffcd7ca14eb038e5868dc765248"
  integrity sha512-60ym8SacBjcnpgqQ7Un2ZRaWjwRoGAVceBxMFap8JtwK0VW/GWg2W/BQVBskN9RuiK9Rh5QUA/pKfd4n1i51yw==

swagger-ui-express@^5.0.0:
  version "5.0.0"
  resolved "https://registry.yarnpkg.com/swagger-ui-express/-/swagger-ui-express-5.0.0.tgz#7a00a18dd909574cb0d628574a299b9ba53d4d49"
  integrity sha512-tsU9tODVvhyfkNSvf03E6FAk+z+5cU3lXAzMy6Pv4av2Gt2xA0++fogwC4qo19XuFf6hdxevPuVCSKFuMHJhFA==
  dependencies:
    swagger-ui-dist ">=5.0.0"
